{
    "name": "example-project",
    "version": "1.0.0",
    "lockfileVersion": 1,
    "requires": true,
    "dependencies": {
      "async": {
        "version": "3.2.0",
        "resolved": "https://registry.npmjs.org/async/-/async-3.2.0.tgz",
        "integrity": "sha512-4rzrYSy1h0XXpQh7hyNRx0FwNtqkBKvDdCnK1YY/oWVXnHtpgw1k2TDP0N6yQZw8/NCInw/2kxjdLN9nQtJbRw==",
        "dev": true,
        "requires": {
          "lodash": "^4.17.21"
        }
      },
      "lodash": {
        "version": "4.17.21",
        "resolved": "https://registry.npmjs.org/lodash/-/lodash-4.17.21.tgz",
        "integrity": "sha512-v2kDEe57lecTulaDIuNTPy3Ry4gLGJ6Z1O3vE1krgXZNrsQ+LFTGHVxVjcXft4wE2ScQ98IwlOr/G7BbYh5ObHg==",
        "dev": true
      }
    }
  }
  